
Microsoft Visual Studio Solution File, Format Version 12.00
# Visual Studio Version 16
VisualStudioVersion = 16.0.31130.22
MinimumVisualStudioVersion = 10.0.40219.1
Project("{FAE04EC0-301F-11D3-BF4B-00C04F79EFBC}") = "BlazorTest.Server", "BlazorTest\Server\BlazorTest.Server.csproj", "{909DCE91-DE0C-4DF6-A41D-DBBC586D1A87}"
EndProject
Project("{FAE04EC0-301F-11D3-BF4B-00C04F79EFBC}") = "BlazorTest.Client", "BlazorTest\Client\BlazorTest.Client.csproj", "{D97320BC-4F3F-4709-975D-10AA86DDD8CA}"
EndProject
Project("{FAE04EC0-301F-11D3-BF4B-00C04F79EFBC}") = "BlazorTest.Shared", "BlazorTest\Shared\BlazorTest.Shared.csproj", "{C08BD5BA-B2BB-474B-A921-6FAAFB11A7F8}"
EndProject
Global
	GlobalSection(SolutionConfigurationPlatforms) = preSolution
		Debug|Any CPU = Debug|Any CPU
		Release|Any CPU = Release|Any CPU
	EndGlobalSection
	GlobalSection(ProjectConfigurationPlatforms) = postSolution
		{909DCE91-DE0C-4DF6-A41D-DBBC586D1A87}.Debug|Any CPU.ActiveCfg = Debug|Any CPU
		{909DCE91-DE0C-4DF6-A41D-DBBC586D1A87}.Debug|Any CPU.Build.0 = Debug|Any CPU
		{909DCE91-DE0C-4DF6-A41D-DBBC586D1A87}.Release|Any CPU.ActiveCfg = Release|Any CPU
		{909DCE91-DE0C-4DF6-A41D-DBBC586D1A87}.Release|Any CPU.Build.0 = Release|Any CPU
		{D97320BC-4F3F-4709-975D-10AA86DDD8CA}.Debug|Any CPU.ActiveCfg = Debug|Any CPU
		{D97320BC-4F3F-4709-975D-10AA86DDD8CA}.Debug|Any CPU.Build.0 = Debug|Any CPU
		{D97320BC-4F3F-4709-975D-10AA86DDD8CA}.Release|Any CPU.ActiveCfg = Release|Any CPU
		{D97320BC-4F3F-4709-975D-10AA86DDD8CA}.Release|Any CPU.Build.0 = Release|Any CPU
		{C08BD5BA-B2BB-474B-A921-6FAAFB11A7F8}.Debug|Any CPU.ActiveCfg = Debug|Any CPU
		{C08BD5BA-B2BB-474B-A921-6FAAFB11A7F8}.Debug|Any CPU.Build.0 = Debug|Any CPU
		{C08BD5BA-B2BB-474B-A921-6FAAFB11A7F8}.Release|Any CPU.ActiveCfg = Release|Any CPU
		{C08BD5BA-B2BB-474B-A921-6FAAFB11A7F8}.Release|Any CPU.Build.0 = Release|Any CPU
	EndGlobalSection
	GlobalSection(SolutionProperties) = preSolution
		HideSolutionNode = FALSE
	EndGlobalSection
	GlobalSection(ExtensibilityGlobals) = postSolution
		SolutionGuid = {CEBA3965-428F-41EB-B224-92F01C767AD8}
	EndGlobalSection
EndGlobal
